# This file is automatically @generated by Poetry 1.6.1 and should not be changed by hand.

[[package]]
name = "chdb"
version = "0.16.0rc2"
description = "chDB is an in-process SQL OLAP Engine powered by ClickHouse"
optional = false
python-versions = ">=3.8"
files = [
    {file = "chdb-0.16.0rc2-cp310-cp310-macosx_11_0_arm64.whl", hash = "sha256:f2ac75c7410931f82b959b25e717109e7516f32427da0ecb8822b93edfc21a45"},
    {file = "chdb-0.16.0rc2-cp310-cp310-manylinux_2_17_aarch64.manylinux2014_aarch64.whl", hash = "sha256:5da9fcce45ef10475bb23ca16e71819deec1a99a49092d9dffd67b6b960510c5"},
    {file = "chdb-0.16.0rc2-cp310-cp310-manylinux_2_5_x86_64.manylinux1_x86_64.manylinux_2_17_x86_64.manylinux2014_x86_64.whl", hash = "sha256:015d87b479477af30ba21e16718f492bb12c53228df15ba58ae4edab497fd2bb"},
    {file = "chdb-0.16.0rc2-cp311-cp311-macosx_10_15_x86_64.whl", hash = "sha256:6ed6b877a3714de0f5df044a855d8deeac774a87e2cd38af4066058d0b10ff18"},
    {file = "chdb-0.16.0rc2-cp311-cp311-macosx_11_0_arm64.whl", hash = "sha256:a8613e76c5eb1d492fd6db1b948a2ec298705368f2c1b70dd5b6a5635a7a8bae"},
    {file = "chdb-0.16.0rc2-cp311-cp311-manylinux_2_17_aarch64.manylinux2014_aarch64.whl", hash = "sha256:814b851a0d35dec04830d564dd1c1d8d759d3c0d233f66da64c2f0a28095c804"},
    {file = "chdb-0.16.0rc2-cp311-cp311-manylinux_2_5_x86_64.manylinux1_x86_64.manylinux_2_17_x86_64.manylinux2014_x86_64.whl", hash = "sha256:3c4a17b105ebe5e51fdde380fd055e5a89692653de5092eaa3218821d01e8da0"},
    {file = "chdb-0.16.0rc2-cp38-cp38-manylinux_2_17_aarch64.manylinux2014_aarch64.whl", hash = "sha256:8bc0117c98ffd887040bc8b7e878d0c3f310de6f74dfc71fae6fa84da8337f24"},
    {file = "chdb-0.16.0rc2-cp38-cp38-manylinux_2_5_x86_64.manylinux1_x86_64.manylinux_2_17_x86_64.manylinux2014_x86_64.whl", hash = "sha256:e67a1f01cc0a696f29e5366c11911917c91f557b4d89d7a1a3d123935779f463"},
    {file = "chdb-0.16.0rc2-cp39-cp39-macosx_11_0_arm64.whl", hash = "sha256:12e23a23747b7a3106e88bfa12ae206f41ba74e0406e091b9f6ea5256942bb53"},
    {file = "chdb-0.16.0rc2-cp39-cp39-manylinux_2_17_aarch64.manylinux2014_aarch64.whl", hash = "sha256:9c93848db911bfcbbb628ca5a0dbb7565602f4c6c465efa910954d72874c1a94"},
    {file = "chdb-0.16.0rc2-cp39-cp39-manylinux_2_5_x86_64.manylinux1_x86_64.manylinux_2_17_x86_64.manylinux2014_x86_64.whl", hash = "sha256:371b8d468f9be35beed126224d8e2aa1c327917a4d0a64989b7dadeb6088fca5"},
]

[[package]]
name = "duckdb"
version = "0.9.1"
description = "DuckDB embedded database"
optional = false
python-versions = ">=3.7.0"
files = [
    {file = "duckdb-0.9.1-cp310-cp310-macosx_10_9_universal2.whl", hash = "sha256:6c724e105ecd78c8d86b3c03639b24e1df982392fc836705eb007e4b1b488864"},
    {file = "duckdb-0.9.1-cp310-cp310-macosx_10_9_x86_64.whl", hash = "sha256:75f12c5a3086079fb6440122565f1762ef1a610a954f2d8081014c1dd0646e1a"},
    {file = "duckdb-0.9.1-cp310-cp310-macosx_11_0_arm64.whl", hash = "sha256:151f5410c32f8f8fe03bf23462b9604349bc0b4bd3a51049bbf5e6a482a435e8"},
    {file = "duckdb-0.9.1-cp310-cp310-manylinux_2_17_aarch64.manylinux2014_aarch64.whl", hash = "sha256:9c1d066fdae22b9b711b1603541651a378017645f9fbc4adc9764b2f3c9e9e4a"},
    {file = "duckdb-0.9.1-cp310-cp310-manylinux_2_17_x86_64.manylinux2014_x86_64.whl", hash = "sha256:1de56d8b7bd7a7653428c1bd4b8948316df488626d27e9c388194f2e0d1428d4"},
    {file = "duckdb-0.9.1-cp310-cp310-musllinux_1_1_x86_64.whl", hash = "sha256:1fb6cd590b1bb4e31fde8efd25fedfbfa19a86fa72789fa5b31a71da0d95bce4"},
    {file = "duckdb-0.9.1-cp310-cp310-win32.whl", hash = "sha256:1039e073714d668cef9069bb02c2a6756c7969cedda0bff1332520c4462951c8"},
    {file = "duckdb-0.9.1-cp310-cp310-win_amd64.whl", hash = "sha256:7e6ac4c28918e1d278a89ff26fd528882aa823868ed530df69d6c8a193ae4e41"},
    {file = "duckdb-0.9.1-cp311-cp311-macosx_10_9_universal2.whl", hash = "sha256:5eb750f2ee44397a61343f32ee9d9e8c8b5d053fa27ba4185d0e31507157f130"},
    {file = "duckdb-0.9.1-cp311-cp311-macosx_10_9_x86_64.whl", hash = "sha256:aea2a46881d75dc069a242cb164642d7a4f792889010fb98210953ab7ff48849"},
    {file = "duckdb-0.9.1-cp311-cp311-macosx_11_0_arm64.whl", hash = "sha256:ed3dcedfc7a9449b6d73f9a2715c730180056e0ba837123e7967be1cd3935081"},
    {file = "duckdb-0.9.1-cp311-cp311-manylinux_2_17_aarch64.manylinux2014_aarch64.whl", hash = "sha256:0c55397bed0087ec4445b96f8d55f924680f6d40fbaa7f2e35468c54367214a5"},
    {file = "duckdb-0.9.1-cp311-cp311-manylinux_2_17_x86_64.manylinux2014_x86_64.whl", hash = "sha256:3261696130f1cfb955735647c93297b4a6241753fb0de26c05d96d50986c6347"},
    {file = "duckdb-0.9.1-cp311-cp311-musllinux_1_1_x86_64.whl", hash = "sha256:64c04b1728e3e37cf93748829b5d1e028227deea75115bb5ead01c608ece44b1"},
    {file = "duckdb-0.9.1-cp311-cp311-win32.whl", hash = "sha256:12cf9fb441a32702e31534330a7b4d569083d46a91bf185e0c9415000a978789"},
    {file = "duckdb-0.9.1-cp311-cp311-win_amd64.whl", hash = "sha256:fdfd85575ce9540e593d5d25c9d32050bd636c27786afd7b776aae0f6432b55e"},
    {file = "duckdb-0.9.1-cp37-cp37m-macosx_10_9_x86_64.whl", hash = "sha256:704700a4b469e3bb1a7e85ac12e58037daaf2b555ef64a3fe2913ffef7bd585b"},
    {file = "duckdb-0.9.1-cp37-cp37m-manylinux_2_17_aarch64.manylinux2014_aarch64.whl", hash = "sha256:cf55b303b7b1a8c2165a96e609eb30484bc47481d94a5fb1e23123e728df0a74"},
    {file = "duckdb-0.9.1-cp37-cp37m-manylinux_2_17_x86_64.manylinux2014_x86_64.whl", hash = "sha256:b70e23c14746904ca5de316436e43a685eb769c67fe3dbfaacbd3cce996c5045"},
    {file = "duckdb-0.9.1-cp37-cp37m-musllinux_1_1_x86_64.whl", hash = "sha256:77379f7f1f8b4dc98e01f8f6f8f15a0858cf456e2385e22507f3cb93348a88f9"},
    {file = "duckdb-0.9.1-cp37-cp37m-win32.whl", hash = "sha256:92c8f738489838666cae9ef41703f8b16f660bb146970d1eba8b2c06cb3afa39"},
    {file = "duckdb-0.9.1-cp37-cp37m-win_amd64.whl", hash = "sha256:08c5484ac06ab714f745526d791141f547e2f5ac92f97a0a1b37dfbb3ea1bd13"},
    {file = "duckdb-0.9.1-cp38-cp38-macosx_10_9_universal2.whl", hash = "sha256:f66d3c07c7f6938d3277294677eb7dad75165e7c57c8dd505503fc5ef10f67ad"},
    {file = "duckdb-0.9.1-cp38-cp38-macosx_10_9_x86_64.whl", hash = "sha256:c38044e5f78c0c7b58e9f937dcc6c34de17e9ca6be42f9f8f1a5a239f7a847a5"},
    {file = "duckdb-0.9.1-cp38-cp38-macosx_11_0_arm64.whl", hash = "sha256:73bc0d715b79566b3ede00c367235cfcce67be0eddda06e17665c7a233d6854a"},
    {file = "duckdb-0.9.1-cp38-cp38-manylinux_2_17_aarch64.manylinux2014_aarch64.whl", hash = "sha256:d26622c3b4ea6a8328d95882059e3cc646cdc62d267d48d09e55988a3bba0165"},
    {file = "duckdb-0.9.1-cp38-cp38-manylinux_2_17_x86_64.manylinux2014_x86_64.whl", hash = "sha256:3367d10096ff2b7919cedddcf60d308d22d6e53e72ee2702f6e6ca03d361004a"},
    {file = "duckdb-0.9.1-cp38-cp38-musllinux_1_1_x86_64.whl", hash = "sha256:d88a119f1cb41911a22f08a6f084d061a8c864e28b9433435beb50a56b0d06bb"},
    {file = "duckdb-0.9.1-cp38-cp38-win32.whl", hash = "sha256:99567496e45b55c67427133dc916013e8eb20a811fc7079213f5f03b2a4f5fc0"},
    {file = "duckdb-0.9.1-cp38-cp38-win_amd64.whl", hash = "sha256:5b3da4da73422a3235c3500b3fb541ac546adb3e35642ef1119dbcd9cc7f68b8"},
    {file = "duckdb-0.9.1-cp39-cp39-macosx_10_9_universal2.whl", hash = "sha256:eca00c0c2062c0265c6c0e78ca2f6a30611b28f3afef062036610e9fc9d4a67d"},
    {file = "duckdb-0.9.1-cp39-cp39-macosx_10_9_x86_64.whl", hash = "sha256:eb5af8e89d40fc4baab1515787ea1520a6c6cf6aa40ab9f107df6c3a75686ce1"},
    {file = "duckdb-0.9.1-cp39-cp39-macosx_11_0_arm64.whl", hash = "sha256:9fae3d4f83ebcb47995f6acad7c6d57d003a9b6f0e1b31f79a3edd6feb377443"},
    {file = "duckdb-0.9.1-cp39-cp39-manylinux_2_17_aarch64.manylinux2014_aarch64.whl", hash = "sha256:16b9a7efc745bc3c5d1018c3a2f58d9e6ce49c0446819a9600fdba5f78e54c47"},
    {file = "duckdb-0.9.1-cp39-cp39-manylinux_2_17_x86_64.manylinux2014_x86_64.whl", hash = "sha256:66b0b60167f5537772e9f5af940e69dcf50e66f5247732b8bb84a493a9af6055"},
    {file = "duckdb-0.9.1-cp39-cp39-musllinux_1_1_x86_64.whl", hash = "sha256:4f27f5e94c47df6c4ccddf18e3277b7464eea3db07356d2c4bf033b5c88359b8"},
    {file = "duckdb-0.9.1-cp39-cp39-win32.whl", hash = "sha256:d43cd7e6f783006b59dcc5e40fcf157d21ee3d0c8dfced35278091209e9974d7"},
    {file = "duckdb-0.9.1-cp39-cp39-win_amd64.whl", hash = "sha256:e666795887d9cf1d6b6f6cbb9d487270680e5ff6205ebc54b2308151f13b8cff"},
    {file = "duckdb-0.9.1.tar.gz", hash = "sha256:603a878746015a3f2363a65eb48bcbec816261b6ee8d71eee53061117f6eef9d"},
]

[[package]]
name = "glaredb"
version = "0.5.1"
description = "GlareDB is a fast SQL database for querying and analyzing distributed data."
optional = false
python-versions = ">=3.7"
files = [
    {file = "glaredb-0.5.1-cp37-abi3-macosx_10_7_x86_64.whl", hash = "sha256:d129be577931223b44faefa30f5a8b90093aeb623d87af37db46f1e583f23ee0"},
    {file = "glaredb-0.5.1-cp37-abi3-macosx_11_0_arm64.whl", hash = "sha256:aaada762fa8845d8f2fb106c2663b4aa53780d99e8d847a8add5cc0274da0bbe"},
    {file = "glaredb-0.5.1-cp37-abi3-manylinux_2_17_x86_64.manylinux2014_x86_64.whl", hash = "sha256:c2f6b5d5507376c2fc9f609544e02d79a76f430e32ccdc1322f6095d548620d8"},
    {file = "glaredb-0.5.1-cp37-abi3-win_amd64.whl", hash = "sha256:812e5a4ddbe94da7d0ba31bcb63b571866e9eda6dc0e0c60bcdc96d1b09a9ec5"},
]

[metadata]
lock-version = "2.0"
python-versions = "^3.9"
content-hash = "2157a6a6797bb4c67036bcb7d5569696df15f9fe7ab9ef7fee10a5ce5261974c"
